
Microsoft Visual Studio Solution File, Format Version 12.00
# Visual Studio Version 17
VisualStudioVersion = 17.0.31919.166
MinimumVisualStudioVersion = 10.0.40219.1
Project("{9A19103F-16F7-4668-BE54-9A1E7A4F7556}") = "ControleRevendedora", "ControleRevendedora.csproj", "{C55E95A0-5CC3-40E6-9F95-FAF9AAE21D6C}"
EndProject
Global
	GlobalSection(SolutionConfigurationPlatforms) = preSolution
		Debug|Any CPU = Debug|Any CPU
		Release|Any CPU = Release|Any CPU
	EndGlobalSection
	GlobalSection(ProjectConfigurationPlatforms) = postSolution
		{C55E95A0-5CC3-40E6-9F95-FAF9AAE21D6C}.Debug|Any CPU.ActiveCfg = Debug|Any CPU
		{C55E95A0-5CC3-40E6-9F95-FAF9AAE21D6C}.Debug|Any CPU.Build.0 = Debug|Any CPU
		{C55E95A0-5CC3-40E6-9F95-FAF9AAE21D6C}.Release|Any CPU.ActiveCfg = Release|Any CPU
		{C55E95A0-5CC3-40E6-9F95-FAF9AAE21D6C}.Release|Any CPU.Build.0 = Release|Any CPU
	EndGlobalSection
	GlobalSection(SolutionProperties) = preSolution
		HideSolutionNode = FALSE
	EndGlobalSection
	GlobalSection(ExtensibilityGlobals) = postSolution
		SolutionGuid = {845242E0-566D-40F8-B001-0031DC679FA8}
	EndGlobalSection
EndGlobal
